
Microsoft Visual Studio Solution File, Format Version 12.00
# Visual Studio Version 16
VisualStudioVersion = 16.0.34902.97
MinimumVisualStudioVersion = 10.0.40219.1
Project("{F184B08F-C81C-45F6-A57F-5ABD9991F28F}") = "WindowsApp1", "WindowsApp1\WindowsApp1.vbproj", "{A929EB1E-BBA0-437C-A526-EA3B6F8E8001}"
EndProject
Global
	GlobalSection(SolutionConfigurationPlatforms) = preSolution
		Debug|Any CPU = Debug|Any CPU
		Release|Any CPU = Release|Any CPU
	EndGlobalSection
	GlobalSection(ProjectConfigurationPlatforms) = postSolution
		{A929EB1E-BBA0-437C-A526-EA3B6F8E8001}.Debug|Any CPU.ActiveCfg = Debug|Any CPU
		{A929EB1E-BBA0-437C-A526-EA3B6F8E8001}.Debug|Any CPU.Build.0 = Debug|Any CPU
		{A929EB1E-BBA0-437C-A526-EA3B6F8E8001}.Release|Any CPU.ActiveCfg = Release|Any CPU
		{A929EB1E-BBA0-437C-A526-EA3B6F8E8001}.Release|Any CPU.Build.0 = Release|Any CPU
	EndGlobalSection
	GlobalSection(SolutionProperties) = preSolution
		HideSolutionNode = FALSE
	EndGlobalSection
	GlobalSection(ExtensibilityGlobals) = postSolution
		SolutionGuid = {80164334-97D0-46C4-85BF-3D5E86C26BF8}
	EndGlobalSection
EndGlobal
